
Microsoft Visual Studio Solution File, Format Version 12.00
# Visual Studio Version 16
VisualStudioVersion = 16.0.28803.156
MinimumVisualStudioVersion = 10.0.40219.1
Project("{FAE04EC0-301F-11D3-BF4B-00C04F79EFBC}") = "Sonic Forces Caption Editor", "Sonic Forces Caption Editor\Sonic Forces Caption Editor.csproj", "{67C08D7C-12B6-49D5-92B8-CEAD0EB1B4E3}"
EndProject
Project("{FAE04EC0-301F-11D3-BF4B-00C04F79EFBC}") = "HedgeLib", "HedgeLib\HedgeLib\HedgeLib.csproj", "{EEB16FCA-FF9F-40B5-9D43-F2460AA930C8}"
EndProject
Global
	GlobalSection(SolutionConfigurationPlatforms) = preSolution
		Debug|Any CPU = Debug|Any CPU
		Release|Any CPU = Release|Any CPU
	EndGlobalSection
	GlobalSection(ProjectConfigurationPlatforms) = postSolution
		{67C08D7C-12B6-49D5-92B8-CEAD0EB1B4E3}.Debug|Any CPU.ActiveCfg = Debug|Any CPU
		{67C08D7C-12B6-49D5-92B8-CEAD0EB1B4E3}.Debug|Any CPU.Build.0 = Debug|Any CPU
		{67C08D7C-12B6-49D5-92B8-CEAD0EB1B4E3}.Release|Any CPU.ActiveCfg = Release|Any CPU
		{67C08D7C-12B6-49D5-92B8-CEAD0EB1B4E3}.Release|Any CPU.Build.0 = Release|Any CPU
		{EEB16FCA-FF9F-40B5-9D43-F2460AA930C8}.Debug|Any CPU.ActiveCfg = Debug|Any CPU
		{EEB16FCA-FF9F-40B5-9D43-F2460AA930C8}.Debug|Any CPU.Build.0 = Debug|Any CPU
		{EEB16FCA-FF9F-40B5-9D43-F2460AA930C8}.Release|Any CPU.ActiveCfg = Release|Any CPU
		{EEB16FCA-FF9F-40B5-9D43-F2460AA930C8}.Release|Any CPU.Build.0 = Release|Any CPU
	EndGlobalSection
	GlobalSection(SolutionProperties) = preSolution
		HideSolutionNode = FALSE
	EndGlobalSection
	GlobalSection(ExtensibilityGlobals) = postSolution
		SolutionGuid = {32B82643-9238-4487-8E0F-180B71DB8FE7}
	EndGlobalSection
EndGlobal
